
Microsoft Visual Studio Solution File, Format Version 12.00
# Visual Studio Version 18
VisualStudioVersion = 18.5.11723.231
MinimumVisualStudioVersion = 10.0.40219.1
Project("{2150E333-8FDC-42A3-9474-1A3956D46DE8}") = ".config", ".config", "{02EA681E-C7D8-13C7-8484-4AC65E1B71E8}"
	ProjectSection(SolutionItems) = preProject
		.editorconfig = .editorconfig
		.gitignore = .gitignore
		CHANGELOG.md = CHANGELOG.md
		LICENSE = LICENSE
		LICENSE-COMMERCIAL.md = LICENSE-COMMERCIAL.md
		README.md = README.md
		temp.json = temp.json
	EndProjectSection
EndProject
Project("{2150E333-8FDC-42A3-9474-1A3956D46DE8}") = "functions", "functions", "{22767692-65DA-4B0E-A296-F4DCB4FB8CC0}"
EndProject
Project("{2150E333-8FDC-42A3-9474-1A3956D46DE8}") = "abstractions", "abstractions", "{521A4349-1280-4EA6-8E7B-1C888938E217}"
EndProject
Project("{2150E333-8FDC-42A3-9474-1A3956D46DE8}") = "core", "core", "{ADF7CDA9-8860-401E-A3CA-0AAA5F805926}"
EndProject
Project("{FAE04EC0-301F-11D3-BF4B-00C04F79EFBC}") = "Entra.EventHandlers.Abstractions", "abstractions\Entra.EventHandlers.Abstractions\Entra.EventHandlers.Abstractions.csproj", "{8E2DC771-5499-4024-95C4-B22F961C783B}"
EndProject
Project("{FAE04EC0-301F-11D3-BF4B-00C04F79EFBC}") = "Entra.EventHandlers", "core\Entra.EventHandlers\Entra.EventHandlers.csproj", "{7D57E5F7-EB06-7247-AB4B-933117ACB105}"
EndProject
Project("{2150E333-8FDC-42A3-9474-1A3956D46DE8}") = "tests", "tests", "{7DD0B6A1-A2EA-4CAE-96E8-60F255F844F9}"
EndProject
Project("{FAE04EC0-301F-11D3-BF4B-00C04F79EFBC}") = "Entra.EventHandlers.UnitTests", "core\Entra.EventHandlers.UnitTests\Entra.EventHandlers.UnitTests.csproj", "{3DDB3505-4A26-43B7-94D8-52F486A22EB5}"
EndProject
Project("{2150E333-8FDC-42A3-9474-1A3956D46DE8}") = "tests", "tests", "{0FF09482-C786-4810-986E-7CBDE938E9BC}"
EndProject
Project("{FAE04EC0-301F-11D3-BF4B-00C04F79EFBC}") = "Entra.EventHandlers.Abstractions.UnitTests", "abstractions\Entra.EventHandlers.Abstractions.UnitTests\Entra.EventHandlers.Abstractions.UnitTests.csproj", "{103E99FE-26E1-40C3-A6D6-21D8D2F867B6}"
EndProject
Project("{2150E333-8FDC-42A3-9474-1A3956D46DE8}") = ".github", ".github", "{3ACF14DD-769A-4744-AF40-C4E5BD20E835}"
	ProjectSection(SolutionItems) = preProject
		FUNDING.yml = FUNDING.yml
	EndProjectSection
EndProject
Project("{2150E333-8FDC-42A3-9474-1A3956D46DE8}") = "workflows", "workflows", "{FD5E70EB-8570-4887-A5BA-D15BFADE53D1}"
	ProjectSection(SolutionItems) = preProject
		.github\workflows\pr-validate-develop.yml = .github\workflows\pr-validate-develop.yml
		.github\workflows\pr-validate-main.yml = .github\workflows\pr-validate-main.yml
		.github\workflows\publish.yml = .github\workflows\publish.yml
	EndProjectSection
EndProject
Project("{FAE04EC0-301F-11D3-BF4B-00C04F79EFBC}") = "Entra.EventHandlers.AzureFunctions", "functions\Entra.EventHandlers.AzureFunctions\Entra.EventHandlers.AzureFunctions.csproj", "{5782DB20-8DCB-4A35-8AB7-B9698F6885A0}"
EndProject
Project("{2150E333-8FDC-42A3-9474-1A3956D46DE8}") = "tests", "tests", "{1A72B1B2-4A72-4380-972D-2D5CF4A4C19C}"
EndProject
Project("{FAE04EC0-301F-11D3-BF4B-00C04F79EFBC}") = "Entra.EventHandlers.AzureFunctions.UnitTests", "functions\Entra.EventHandlers.AzureFunctions.UnitTests\Entra.EventHandlers.AzureFunctions.UnitTests.csproj", "{9FD83285-793D-4EBF-A88E-FF2601C350C9}"
EndProject
Project("{2150E333-8FDC-42A3-9474-1A3956D46DE8}") = "common", "common", "{F00143B3-2266-4E58-978F-FDBF65AA0E7D}"
EndProject
Project("{2150E333-8FDC-42A3-9474-1A3956D46DE8}") = "api", "api", "{C3316AAA-8449-4F15-82E6-F215758E3944}"
EndProject
Project("{FAE04EC0-301F-11D3-BF4B-00C04F79EFBC}") = "Entra.EventHandlers.AspNetCore", "api\Entra.EventHandlers.AspNetCore\Entra.EventHandlers.AspNetCore.csproj", "{D2009969-9745-4C62-AE0D-B984B95D062C}"
EndProject
Project("{2150E333-8FDC-42A3-9474-1A3956D46DE8}") = "hosting", "hosting", "{69893F02-7FE3-4B6B-AB6A-96D061BB6182}"
EndProject
Project("{FAE04EC0-301F-11D3-BF4B-00C04F79EFBC}") = "Entra.EventHandlers.Hosting", "hosting\Entra.EventHandlers.Hosting\Entra.EventHandlers.Hosting.csproj", "{BC0E0A8F-BE19-47E0-8378-9DC37F07020A}"
EndProject
Project("{2150E333-8FDC-42A3-9474-1A3956D46DE8}") = "tests", "tests", "{058628E3-6759-4A51-B080-C38E123CCD2B}"
EndProject
Project("{FAE04EC0-301F-11D3-BF4B-00C04F79EFBC}") = "Entra.EventHandlers.Hosting.UnitTests", "hosting\Entra.EventHandlers.Hosting.UnitTests\Entra.EventHandlers.Hosting.UnitTests.csproj", "{9B6156A8-8F9C-41F4-A1FE-11287C873AB3}"
EndProject
Project("{FAE04EC0-301F-11D3-BF4B-00C04F79EFBC}") = "Entra.EventHandlers.TestHelpers", "common\Entra.EventHandlers.TestHelpers\Entra.EventHandlers.TestHelpers.csproj", "{579D5320-F0CA-EA57-36FF-D15F91362959}"
EndProject
Project("{2150E333-8FDC-42A3-9474-1A3956D46DE8}") = "tests", "tests", "{C5FBC0E4-6E44-4857-A727-8D911AE1033F}"
EndProject
Project("{FAE04EC0-301F-11D3-BF4B-00C04F79EFBC}") = "Entra.EventHandlers.AspNetCore.UnitTests", "api\Entra.EventHandlers.AspNetCore.UnitTests\Entra.EventHandlers.AspNetCore.UnitTests.csproj", "{6B4C61F4-B79D-42E7-AA90-69DBA0D7F726}"
EndProject
Project("{2150E333-8FDC-42A3-9474-1A3956D46DE8}") = "samples", "samples", "{8F4346C4-4144-4AC9-B1D4-0EE04A45F7B0}"
EndProject
Project("{FAE04EC0-301F-11D3-BF4B-00C04F79EFBC}") = "ApiSample", "samples\ApiSample\ApiSample.csproj", "{BF8CBCAA-FD3C-49FB-946B-27807C1B3E1E}"
EndProject
Project("{FAE04EC0-301F-11D3-BF4B-00C04F79EFBC}") = "AzureFunctionsSample", "samples\AzureFunctionsSample\AzureFunctionsSample.csproj", "{E19351BF-FA4F-4E11-A657-B04EAF612F46}"
EndProject
Project("{FAE04EC0-301F-11D3-BF4B-00C04F79EFBC}") = "Sample.Common", "samples\Sample.Common\Sample.Common.csproj", "{46CF9255-122F-4B6A-A951-DF64B9DECC27}"
EndProject
Global
	GlobalSection(SolutionConfigurationPlatforms) = preSolution
		Debug|Any CPU = Debug|Any CPU
		Release|Any CPU = Release|Any CPU
	EndGlobalSection
	GlobalSection(ProjectConfigurationPlatforms) = postSolution
		{8E2DC771-5499-4024-95C4-B22F961C783B}.Debug|Any CPU.ActiveCfg = Debug|Any CPU
		{8E2DC771-5499-4024-95C4-B22F961C783B}.Debug|Any CPU.Build.0 = Debug|Any CPU
		{8E2DC771-5499-4024-95C4-B22F961C783B}.Release|Any CPU.ActiveCfg = Release|Any CPU
		{8E2DC771-5499-4024-95C4-B22F961C783B}.Release|Any CPU.Build.0 = Release|Any CPU
		{7D57E5F7-EB06-7247-AB4B-933117ACB105}.Debug|Any CPU.ActiveCfg = Debug|Any CPU
		{7D57E5F7-EB06-7247-AB4B-933117ACB105}.Debug|Any CPU.Build.0 = Debug|Any CPU
		{7D57E5F7-EB06-7247-AB4B-933117ACB105}.Release|Any CPU.ActiveCfg = Release|Any CPU
		{7D57E5F7-EB06-7247-AB4B-933117ACB105}.Release|Any CPU.Build.0 = Release|Any CPU
		{3DDB3505-4A26-43B7-94D8-52F486A22EB5}.Debug|Any CPU.ActiveCfg = Debug|Any CPU
		{3DDB3505-4A26-43B7-94D8-52F486A22EB5}.Debug|Any CPU.Build.0 = Debug|Any CPU
		{3DDB3505-4A26-43B7-94D8-52F486A22EB5}.Release|Any CPU.ActiveCfg = Release|Any CPU
		{3DDB3505-4A26-43B7-94D8-52F486A22EB5}.Release|Any CPU.Build.0 = Release|Any CPU
		{103E99FE-26E1-40C3-A6D6-21D8D2F867B6}.Debug|Any CPU.ActiveCfg = Debug|Any CPU
		{103E99FE-26E1-40C3-A6D6-21D8D2F867B6}.Debug|Any CPU.Build.0 = Debug|Any CPU
		{103E99FE-26E1-40C3-A6D6-21D8D2F867B6}.Release|Any CPU.ActiveCfg = Release|Any CPU
		{103E99FE-26E1-40C3-A6D6-21D8D2F867B6}.Release|Any CPU.Build.0 = Release|Any CPU
		{5782DB20-8DCB-4A35-8AB7-B9698F6885A0}.Debug|Any CPU.ActiveCfg = Debug|Any CPU
		{5782DB20-8DCB-4A35-8AB7-B9698F6885A0}.Debug|Any CPU.Build.0 = Debug|Any CPU
		{5782DB20-8DCB-4A35-8AB7-B9698F6885A0}.Release|Any CPU.ActiveCfg = Release|Any CPU
		{5782DB20-8DCB-4A35-8AB7-B9698F6885A0}.Release|Any CPU.Build.0 = Release|Any CPU
		{9FD83285-793D-4EBF-A88E-FF2601C350C9}.Debug|Any CPU.ActiveCfg = Debug|Any CPU
		{9FD83285-793D-4EBF-A88E-FF2601C350C9}.Debug|Any CPU.Build.0 = Debug|Any CPU
		{9FD83285-793D-4EBF-A88E-FF2601C350C9}.Release|Any CPU.ActiveCfg = Release|Any CPU
		{9FD83285-793D-4EBF-A88E-FF2601C350C9}.Release|Any CPU.Build.0 = Release|Any CPU
		{D2009969-9745-4C62-AE0D-B984B95D062C}.Debug|Any CPU.ActiveCfg = Debug|Any CPU
		{D2009969-9745-4C62-AE0D-B984B95D062C}.Debug|Any CPU.Build.0 = Debug|Any CPU
		{D2009969-9745-4C62-AE0D-B984B95D062C}.Release|Any CPU.ActiveCfg = Release|Any CPU
		{D2009969-9745-4C62-AE0D-B984B95D062C}.Release|Any CPU.Build.0 = Release|Any CPU
		{BC0E0A8F-BE19-47E0-8378-9DC37F07020A}.Debug|Any CPU.ActiveCfg = Debug|Any CPU
		{BC0E0A8F-BE19-47E0-8378-9DC37F07020A}.Debug|Any CPU.Build.0 = Debug|Any CPU
		{BC0E0A8F-BE19-47E0-8378-9DC37F07020A}.Release|Any CPU.ActiveCfg = Release|Any CPU
		{BC0E0A8F-BE19-47E0-8378-9DC37F07020A}.Release|Any CPU.Build.0 = Release|Any CPU
		{9B6156A8-8F9C-41F4-A1FE-11287C873AB3}.Debug|Any CPU.ActiveCfg = Debug|Any CPU
		{9B6156A8-8F9C-41F4-A1FE-11287C873AB3}.Debug|Any CPU.Build.0 = Debug|Any CPU
		{9B6156A8-8F9C-41F4-A1FE-11287C873AB3}.Release|Any CPU.ActiveCfg = Release|Any CPU
		{9B6156A8-8F9C-41F4-A1FE-11287C873AB3}.Release|Any CPU.Build.0 = Release|Any CPU
		{579D5320-F0CA-EA57-36FF-D15F91362959}.Debug|Any CPU.ActiveCfg = Debug|Any CPU
		{579D5320-F0CA-EA57-36FF-D15F91362959}.Debug|Any CPU.Build.0 = Debug|Any CPU
		{579D5320-F0CA-EA57-36FF-D15F91362959}.Release|Any CPU.ActiveCfg = Release|Any CPU
		{579D5320-F0CA-EA57-36FF-D15F91362959}.Release|Any CPU.Build.0 = Release|Any CPU
		{6B4C61F4-B79D-42E7-AA90-69DBA0D7F726}.Debug|Any CPU.ActiveCfg = Debug|Any CPU
		{6B4C61F4-B79D-42E7-AA90-69DBA0D7F726}.Debug|Any CPU.Build.0 = Debug|Any CPU
		{6B4C61F4-B79D-42E7-AA90-69DBA0D7F726}.Release|Any CPU.ActiveCfg = Release|Any CPU
		{6B4C61F4-B79D-42E7-AA90-69DBA0D7F726}.Release|Any CPU.Build.0 = Release|Any CPU
		{BF8CBCAA-FD3C-49FB-946B-27807C1B3E1E}.Debug|Any CPU.ActiveCfg = Debug|Any CPU
		{BF8CBCAA-FD3C-49FB-946B-27807C1B3E1E}.Debug|Any CPU.Build.0 = Debug|Any CPU
		{BF8CBCAA-FD3C-49FB-946B-27807C1B3E1E}.Release|Any CPU.ActiveCfg = Release|Any CPU
		{BF8CBCAA-FD3C-49FB-946B-27807C1B3E1E}.Release|Any CPU.Build.0 = Release|Any CPU
		{E19351BF-FA4F-4E11-A657-B04EAF612F46}.Debug|Any CPU.ActiveCfg = Debug|Any CPU
		{E19351BF-FA4F-4E11-A657-B04EAF612F46}.Debug|Any CPU.Build.0 = Debug|Any CPU
		{E19351BF-FA4F-4E11-A657-B04EAF612F46}.Release|Any CPU.ActiveCfg = Release|Any CPU
		{E19351BF-FA4F-4E11-A657-B04EAF612F46}.Release|Any CPU.Build.0 = Release|Any CPU
		{46CF9255-122F-4B6A-A951-DF64B9DECC27}.Debug|Any CPU.ActiveCfg = Debug|Any CPU
		{46CF9255-122F-4B6A-A951-DF64B9DECC27}.Debug|Any CPU.Build.0 = Debug|Any CPU
		{46CF9255-122F-4B6A-A951-DF64B9DECC27}.Release|Any CPU.ActiveCfg = Release|Any CPU
		{46CF9255-122F-4B6A-A951-DF64B9DECC27}.Release|Any CPU.Build.0 = Release|Any CPU
	EndGlobalSection
	GlobalSection(SolutionProperties) = preSolution
		HideSolutionNode = FALSE
	EndGlobalSection
	GlobalSection(NestedProjects) = preSolution
		{8E2DC771-5499-4024-95C4-B22F961C783B} = {521A4349-1280-4EA6-8E7B-1C888938E217}
		{7D57E5F7-EB06-7247-AB4B-933117ACB105} = {ADF7CDA9-8860-401E-A3CA-0AAA5F805926}
		{7DD0B6A1-A2EA-4CAE-96E8-60F255F844F9} = {ADF7CDA9-8860-401E-A3CA-0AAA5F805926}
		{3DDB3505-4A26-43B7-94D8-52F486A22EB5} = {7DD0B6A1-A2EA-4CAE-96E8-60F255F844F9}
		{0FF09482-C786-4810-986E-7CBDE938E9BC} = {521A4349-1280-4EA6-8E7B-1C888938E217}
		{103E99FE-26E1-40C3-A6D6-21D8D2F867B6} = {0FF09482-C786-4810-986E-7CBDE938E9BC}
		{FD5E70EB-8570-4887-A5BA-D15BFADE53D1} = {3ACF14DD-769A-4744-AF40-C4E5BD20E835}
		{5782DB20-8DCB-4A35-8AB7-B9698F6885A0} = {22767692-65DA-4B0E-A296-F4DCB4FB8CC0}
		{1A72B1B2-4A72-4380-972D-2D5CF4A4C19C} = {22767692-65DA-4B0E-A296-F4DCB4FB8CC0}
		{9FD83285-793D-4EBF-A88E-FF2601C350C9} = {1A72B1B2-4A72-4380-972D-2D5CF4A4C19C}
		{D2009969-9745-4C62-AE0D-B984B95D062C} = {C3316AAA-8449-4F15-82E6-F215758E3944}
		{BC0E0A8F-BE19-47E0-8378-9DC37F07020A} = {69893F02-7FE3-4B6B-AB6A-96D061BB6182}
		{058628E3-6759-4A51-B080-C38E123CCD2B} = {69893F02-7FE3-4B6B-AB6A-96D061BB6182}
		{9B6156A8-8F9C-41F4-A1FE-11287C873AB3} = {058628E3-6759-4A51-B080-C38E123CCD2B}
		{579D5320-F0CA-EA57-36FF-D15F91362959} = {F00143B3-2266-4E58-978F-FDBF65AA0E7D}
		{C5FBC0E4-6E44-4857-A727-8D911AE1033F} = {C3316AAA-8449-4F15-82E6-F215758E3944}
		{6B4C61F4-B79D-42E7-AA90-69DBA0D7F726} = {C5FBC0E4-6E44-4857-A727-8D911AE1033F}
		{BF8CBCAA-FD3C-49FB-946B-27807C1B3E1E} = {8F4346C4-4144-4AC9-B1D4-0EE04A45F7B0}
		{E19351BF-FA4F-4E11-A657-B04EAF612F46} = {8F4346C4-4144-4AC9-B1D4-0EE04A45F7B0}
		{46CF9255-122F-4B6A-A951-DF64B9DECC27} = {8F4346C4-4144-4AC9-B1D4-0EE04A45F7B0}
	EndGlobalSection
	GlobalSection(ExtensibilityGlobals) = postSolution
		SolutionGuid = {19EF6B17-5B32-4D91-9F16-C0DDFF52FD22}
	EndGlobalSection
EndGlobal
