{
  "version": 1,
  "dependencies": {
    "net10.0": {
      "Entra.EventHandlers.Abstractions": {
        "type": "Direct",
        "requested": "[1.4.2, )",
        "resolved": "1.4.2",
        "contentHash": "0rEPZP5fpVhUEMkgqwasCatkXbF/Uyv2ltoVLOnLPl7/ZXKLzUuT1S/6juP5hq+ifWm9J03QB0SieUR0GMVzHA=="
      },
      "Scrutor": {
        "type": "Direct",
        "requested": "[7.0.0, )",
        "resolved": "7.0.0",
        "contentHash": "wHWaroody48jnlLoq/REwUltIFLxplXyHTP+sttrc8P7+jkiVqf38afDidJNv4qgD/6zz2NKOYg06xLZ1bG7wQ==",
        "dependencies": {
          "Microsoft.Extensions.DependencyModel": "10.0.0"
        }
      },
      "Microsoft.Extensions.DependencyModel": {
        "type": "Transitive",
        "resolved": "10.0.0",
        "contentHash": "RFYJR7APio/BiqdQunRq6DB+nDB6nc2qhHr77mlvZ0q0BT8PubMXN7XicmfzCbrDE/dzhBnUKBRXLTcqUiZDGg=="
      },
      "entra.eventhandlers.hosting": {
        "type": "Project",
        "dependencies": {
          "Entra.EventHandlers.Abstractions": "[1.4.2, )",
          "Scrutor": "[7.0.0, )"
        }
      }
    }
  }
}